
Microsoft Visual Studio Solution File, Format Version 12.00
# Visual Studio Version 17
VisualStudioVersion = 17.12.35707.178
MinimumVisualStudioVersion = 10.0.40219.1
Project("{FAE04EC0-301F-11D3-BF4B-00C04F79EFBC}") = "RecallApp.api", "RecallApp.api\RecallApp.api.csproj", "{B6CE179E-1B14-4608-9ED9-24AD97089C29}"
EndProject
Project("{2150E333-8FDC-42A3-9474-1A3956D46DE8}") = "src", "src", "{D3D0EA1E-A101-483E-BFE7-A691626860E5}"
EndProject
Project("{FAE04EC0-301F-11D3-BF4B-00C04F79EFBC}") = "RecallApp.Core", "RecallApp.Core\RecallApp.Core.csproj", "{9C3320B5-0AE5-4E8A-9D5C-D69B6A0A4C79}"
EndProject
Project("{FAE04EC0-301F-11D3-BF4B-00C04F79EFBC}") = "RecallApp.Infrastructure", "RecallApp.Infrastructure\RecallApp.Infrastructure.csproj", "{3369EF42-9D83-4151-8439-ED2BF9E23F8E}"
EndProject
Project("{2150E333-8FDC-42A3-9474-1A3956D46DE8}") = "API", "API", "{4C80A90C-F290-4771-A9B6-F77002635A0E}"
EndProject
Project("{2150E333-8FDC-42A3-9474-1A3956D46DE8}") = "Core", "Core", "{9319B76F-328F-421B-A50B-A203167EE686}"
EndProject
Project("{2150E333-8FDC-42A3-9474-1A3956D46DE8}") = "Infrastructure", "Infrastructure", "{12DE5947-7FB1-4055-9AF8-F3863F8F0212}"
EndProject
Project("{2150E333-8FDC-42A3-9474-1A3956D46DE8}") = "Functions", "Functions", "{AB37EE86-3DEF-4C11-AEB0-57DA8A436A2F}"
EndProject
Project("{2150E333-8FDC-42A3-9474-1A3956D46DE8}") = "OrderDecomposer", "OrderDecomposer", "{AE94A3E4-2B1D-4BEB-B7EC-A489E4C20423}"
EndProject
Project("{2150E333-8FDC-42A3-9474-1A3956D46DE8}") = "OrderProcessor", "OrderProcessor", "{F0E7637A-D0BF-403E-BEE0-86FC88E1558F}"
EndProject
Project("{2150E333-8FDC-42A3-9474-1A3956D46DE8}") = "Shared", "Shared", "{0490F339-DC7B-4A34-8C78-D05E5AAC3185}"
EndProject
Project("{2150E333-8FDC-42A3-9474-1A3956D46DE8}") = "tests", "tests", "{9BC72C46-2503-4303-877F-BA154ADA7F3A}"
EndProject
Project("{2150E333-8FDC-42A3-9474-1A3956D46DE8}") = "SolutionItems", "SolutionItems", "{B82B64DF-5DDF-452B-92C5-A8340B1FFF31}"
EndProject
Project("{2150E333-8FDC-42A3-9474-1A3956D46DE8}") = ".github", ".github", "{9F98DD84-2ED0-4EB3-B5B8-1020FC93CF70}"
EndProject
Project("{2150E333-8FDC-42A3-9474-1A3956D46DE8}") = "workflows", "workflows", "{EFDBD5AC-516A-4731-B79F-6A9E3A0BAF44}"
	ProjectSection(SolutionItems) = preProject
		.github\workflows\main.yaml = .github\workflows\main.yaml
	EndProjectSection
EndProject
Global
	GlobalSection(SolutionConfigurationPlatforms) = preSolution
		Debug|Any CPU = Debug|Any CPU
		Release|Any CPU = Release|Any CPU
	EndGlobalSection
	GlobalSection(ProjectConfigurationPlatforms) = postSolution
		{B6CE179E-1B14-4608-9ED9-24AD97089C29}.Debug|Any CPU.ActiveCfg = Debug|Any CPU
		{B6CE179E-1B14-4608-9ED9-24AD97089C29}.Debug|Any CPU.Build.0 = Debug|Any CPU
		{B6CE179E-1B14-4608-9ED9-24AD97089C29}.Release|Any CPU.ActiveCfg = Release|Any CPU
		{B6CE179E-1B14-4608-9ED9-24AD97089C29}.Release|Any CPU.Build.0 = Release|Any CPU
		{9C3320B5-0AE5-4E8A-9D5C-D69B6A0A4C79}.Debug|Any CPU.ActiveCfg = Debug|Any CPU
		{9C3320B5-0AE5-4E8A-9D5C-D69B6A0A4C79}.Debug|Any CPU.Build.0 = Debug|Any CPU
		{9C3320B5-0AE5-4E8A-9D5C-D69B6A0A4C79}.Release|Any CPU.ActiveCfg = Release|Any CPU
		{9C3320B5-0AE5-4E8A-9D5C-D69B6A0A4C79}.Release|Any CPU.Build.0 = Release|Any CPU
		{3369EF42-9D83-4151-8439-ED2BF9E23F8E}.Debug|Any CPU.ActiveCfg = Debug|Any CPU
		{3369EF42-9D83-4151-8439-ED2BF9E23F8E}.Debug|Any CPU.Build.0 = Debug|Any CPU
		{3369EF42-9D83-4151-8439-ED2BF9E23F8E}.Release|Any CPU.ActiveCfg = Release|Any CPU
		{3369EF42-9D83-4151-8439-ED2BF9E23F8E}.Release|Any CPU.Build.0 = Release|Any CPU
	EndGlobalSection
	GlobalSection(SolutionProperties) = preSolution
		HideSolutionNode = FALSE
	EndGlobalSection
	GlobalSection(NestedProjects) = preSolution
		{B6CE179E-1B14-4608-9ED9-24AD97089C29} = {4C80A90C-F290-4771-A9B6-F77002635A0E}
		{9C3320B5-0AE5-4E8A-9D5C-D69B6A0A4C79} = {9319B76F-328F-421B-A50B-A203167EE686}
		{3369EF42-9D83-4151-8439-ED2BF9E23F8E} = {12DE5947-7FB1-4055-9AF8-F3863F8F0212}
		{4C80A90C-F290-4771-A9B6-F77002635A0E} = {D3D0EA1E-A101-483E-BFE7-A691626860E5}
		{9319B76F-328F-421B-A50B-A203167EE686} = {D3D0EA1E-A101-483E-BFE7-A691626860E5}
		{12DE5947-7FB1-4055-9AF8-F3863F8F0212} = {D3D0EA1E-A101-483E-BFE7-A691626860E5}
		{AB37EE86-3DEF-4C11-AEB0-57DA8A436A2F} = {D3D0EA1E-A101-483E-BFE7-A691626860E5}
		{AE94A3E4-2B1D-4BEB-B7EC-A489E4C20423} = {AB37EE86-3DEF-4C11-AEB0-57DA8A436A2F}
		{F0E7637A-D0BF-403E-BEE0-86FC88E1558F} = {AB37EE86-3DEF-4C11-AEB0-57DA8A436A2F}
		{0490F339-DC7B-4A34-8C78-D05E5AAC3185} = {12DE5947-7FB1-4055-9AF8-F3863F8F0212}
		{9F98DD84-2ED0-4EB3-B5B8-1020FC93CF70} = {B82B64DF-5DDF-452B-92C5-A8340B1FFF31}
		{EFDBD5AC-516A-4731-B79F-6A9E3A0BAF44} = {9F98DD84-2ED0-4EB3-B5B8-1020FC93CF70}
	EndGlobalSection
EndGlobal
